
Microsoft Visual Studio Solution File, Format Version 12.00
# Visual Studio Version 17
VisualStudioVersion = 17.9.34701.34
MinimumVisualStudioVersion = 10.0.40219.1
Project("{9A19103F-16F7-4668-BE54-9A1E7A4F7556}") = "Ada.Web", "Ada.Web.csproj", "{10ECD257-EEEB-414C-813F-0D6A3EFFC339}"
EndProject
Project("{FAE04EC0-301F-11D3-BF4B-00C04F79EFBC}") = "DI_Service_Lifetime", "..\DI_Service_Lifetime\DI_Service_Lifetime.csproj", "{98CE73F2-8753-4080-B21C-9162A301B356}"
EndProject
Project("{FAE04EC0-301F-11D3-BF4B-00C04F79EFBC}") = "Ada.Razor", "..\Ada.Razor\Ada.Razor.csproj", "{AEAB0D57-AFBB-479E-B630-61E19D777338}"
EndProject
Project("{FAE04EC0-301F-11D3-BF4B-00C04F79EFBC}") = "Ada.API", "..\Ada.API\Ada.API.csproj", "{F096F16A-A6DF-497F-9399-A114134B29A2}"
EndProject
Global
	GlobalSection(SolutionConfigurationPlatforms) = preSolution
		Debug|Any CPU = Debug|Any CPU
		Release|Any CPU = Release|Any CPU
	EndGlobalSection
	GlobalSection(ProjectConfigurationPlatforms) = postSolution
		{10ECD257-EEEB-414C-813F-0D6A3EFFC339}.Debug|Any CPU.ActiveCfg = Debug|Any CPU
		{10ECD257-EEEB-414C-813F-0D6A3EFFC339}.Debug|Any CPU.Build.0 = Debug|Any CPU
		{10ECD257-EEEB-414C-813F-0D6A3EFFC339}.Release|Any CPU.ActiveCfg = Release|Any CPU
		{10ECD257-EEEB-414C-813F-0D6A3EFFC339}.Release|Any CPU.Build.0 = Release|Any CPU
		{98CE73F2-8753-4080-B21C-9162A301B356}.Debug|Any CPU.ActiveCfg = Debug|Any CPU
		{98CE73F2-8753-4080-B21C-9162A301B356}.Debug|Any CPU.Build.0 = Debug|Any CPU
		{98CE73F2-8753-4080-B21C-9162A301B356}.Release|Any CPU.ActiveCfg = Release|Any CPU
		{98CE73F2-8753-4080-B21C-9162A301B356}.Release|Any CPU.Build.0 = Release|Any CPU
		{AEAB0D57-AFBB-479E-B630-61E19D777338}.Debug|Any CPU.ActiveCfg = Debug|Any CPU
		{AEAB0D57-AFBB-479E-B630-61E19D777338}.Debug|Any CPU.Build.0 = Debug|Any CPU
		{AEAB0D57-AFBB-479E-B630-61E19D777338}.Release|Any CPU.ActiveCfg = Release|Any CPU
		{AEAB0D57-AFBB-479E-B630-61E19D777338}.Release|Any CPU.Build.0 = Release|Any CPU
		{F096F16A-A6DF-497F-9399-A114134B29A2}.Debug|Any CPU.ActiveCfg = Debug|Any CPU
		{F096F16A-A6DF-497F-9399-A114134B29A2}.Debug|Any CPU.Build.0 = Debug|Any CPU
		{F096F16A-A6DF-497F-9399-A114134B29A2}.Release|Any CPU.ActiveCfg = Release|Any CPU
		{F096F16A-A6DF-497F-9399-A114134B29A2}.Release|Any CPU.Build.0 = Release|Any CPU
	EndGlobalSection
	GlobalSection(SolutionProperties) = preSolution
		HideSolutionNode = FALSE
	EndGlobalSection
	GlobalSection(ExtensibilityGlobals) = postSolution
		SolutionGuid = {67653173-E4BD-4A2C-8AC8-69082279B21A}
	EndGlobalSection
EndGlobal
